// !$*UTF8*$!
{
	archiveVersion = 1;
	classes = {
	};
	objectVersion = 56;
	objects = {

/* Begin PBXBuildFile section */
		2D9ED9132BA08850001D3DA5 /* DrawSignatureView.swift in Sources */ = {isa = PBXBuildFile; fileRef = 2D9ED9122BA08850001D3DA5 /* DrawSignatureView.swift */; };
		2DBC9AEE2B9F140100259576 /* AppDelegate.swift in Sources */ = {isa = PBXBuildFile; fileRef = 2DBC9AED2B9F140100259576 /* AppDelegate.swift */; };
		2DBC9AF02B9F140100259576 /* SceneDelegate.swift in Sources */ = {isa = PBXBuildFile; fileRef = 2DBC9AEF2B9F140100259576 /* SceneDelegate.swift */; };
		2DBC9AF72B9F140200259576 /* Assets.xcassets in Resources */ = {isa = PBXBuildFile; fileRef = 2DBC9AF62B9F140200259576 /* Assets.xcassets */; };
		2DBC9AFA2B9F140200259576 /* LaunchScreen.storyboard in Resources */ = {isa = PBXBuildFile; fileRef = 2DBC9AF82B9F140200259576 /* LaunchScreen.storyboard */; };
		2DBC9B052B9F140200259576 /* PDFEditorTests.swift in Sources */ = {isa = PBXBuildFile; fileRef = 2DBC9B042B9F140200259576 /* PDFEditorTests.swift */; };
		2DBC9B0F2B9F140200259576 /* PDFEditorUITests.swift in Sources */ = {isa = PBXBuildFile; fileRef = 2DBC9B0E2B9F140200259576 /* PDFEditorUITests.swift */; };
		2DBC9B112B9F140200259576 /* PDFEditorUITestsLaunchTests.swift in Sources */ = {isa = PBXBuildFile; fileRef = 2DBC9B102B9F140200259576 /* PDFEditorUITestsLaunchTests.swift */; };
		2DBC9B1F2B9F16FB00259576 /* QPdfController.swift in Sources */ = {isa = PBXBuildFile; fileRef = 2DBC9B1D2B9F16FB00259576 /* QPdfController.swift */; };
		2DBC9B202B9F16FB00259576 /* QPdfController.xib in Resources */ = {isa = PBXBuildFile; fileRef = 2DBC9B1E2B9F16FB00259576 /* QPdfController.xib */; };
		2DBC9B222B9F1A0F00259576 /* sample.pdf in Resources */ = {isa = PBXBuildFile; fileRef = 2DBC9B212B9F1A0F00259576 /* sample.pdf */; };
/* End PBXBuildFile section */

/* Begin PBXContainerItemProxy section */
		2DBC9B012B9F140200259576 /* PBXContainerItemProxy */ = {
			isa = PBXContainerItemProxy;
			containerPortal = 2DBC9AE22B9F140100259576 /* Project object */;
			proxyType = 1;
			remoteGlobalIDString = 2DBC9AE92B9F140100259576;
			remoteInfo = PDFEditor;
		};
		2DBC9B0B2B9F140200259576 /* PBXContainerItemProxy */ = {
			isa = PBXContainerItemProxy;
			containerPortal = 2DBC9AE22B9F140100259576 /* Project object */;
			proxyType = 1;
			remoteGlobalIDString = 2DBC9AE92B9F140100259576;
			remoteInfo = PDFEditor;
		};
/* End PBXContainerItemProxy section */

/* Begin PBXFileReference section */
		2D9ED9122BA08850001D3DA5 /* DrawSignatureView.swift */ = {isa = PBXFileReference; lastKnownFileType = sourcecode.swift; path = DrawSignatureView.swift; sourceTree = "<group>"; };
		2DBC9AEA2B9F140100259576 /* PDFEditor.app */ = {isa = PBXFileReference; explicitFileType = wrapper.application; includeInIndex = 0; path = PDFEditor.app; sourceTree = BUILT_PRODUCTS_DIR; };
		2DBC9AED2B9F140100259576 /* AppDelegate.swift */ = {isa = PBXFileReference; lastKnownFileType = sourcecode.swift; path = AppDelegate.swift; sourceTree = "<group>"; };
		2DBC9AEF2B9F140100259576 /* SceneDelegate.swift */ = {isa = PBXFileReference; lastKnownFileType = sourcecode.swift; path = SceneDelegate.swift; sourceTree = "<group>"; };
		2DBC9AF62B9F140200259576 /* Assets.xcassets */ = {isa = PBXFileReference; lastKnownFileType = folder.assetcatalog; path = Assets.xcassets; sourceTree = "<group>"; };
		2DBC9AF92B9F140200259576 /* Base */ = {isa = PBXFileReference; lastKnownFileType = file.storyboard; name = Base; path = Base.lproj/LaunchScreen.storyboard; sourceTree = "<group>"; };
		2DBC9AFB2B9F140200259576 /* Info.plist */ = {isa = PBXFileReference; lastKnownFileType = text.plist.xml; path = Info.plist; sourceTree = "<group>"; };
		2DBC9B002B9F140200259576 /* PDFEditorTests.xctest */ = {isa = PBXFileReference; explicitFileType = wrapper.cfbundle; includeInIndex = 0; path = PDFEditorTests.xctest; sourceTree = BUILT_PRODUCTS_DIR; };
		2DBC9B042B9F140200259576 /* PDFEditorTests.swift */ = {isa = PBXFileReference; lastKnownFileType = sourcecode.swift; path = PDFEditorTests.swift; sourceTree = "<group>"; };
		2DBC9B0A2B9F140200259576 /* PDFEditorUITests.xctest */ = {isa = PBXFileReference; explicitFileType = wrapper.cfbundle; includeInIndex = 0; path = PDFEditorUITests.xctest; sourceTree = BUILT_PRODUCTS_DIR; };
		2DBC9B0E2B9F140200259576 /* PDFEditorUITests.swift */ = {isa = PBXFileReference; lastKnownFileType = sourcecode.swift; path = PDFEditorUITests.swift; sourceTree = "<group>"; };
		2DBC9B102B9F140200259576 /* PDFEditorUITestsLaunchTests.swift */ = {isa = PBXFileReference; lastKnownFileType = sourcecode.swift; path = PDFEditorUITestsLaunchTests.swift; sourceTree = "<group>"; };
		2DBC9B1D2B9F16FB00259576 /* QPdfController.swift */ = {isa = PBXFileReference; lastKnownFileType = sourcecode.swift; path = QPdfController.swift; sourceTree = "<group>"; };
		2DBC9B1E2B9F16FB00259576 /* QPdfController.xib */ = {isa = PBXFileReference; lastKnownFileType = file.xib; path = QPdfController.xib; sourceTree = "<group>"; };
		2DBC9B212B9F1A0F00259576 /* sample.pdf */ = {isa = PBXFileReference; lastKnownFileType = image.pdf; path = sample.pdf; sourceTree = "<group>"; };
/* End PBXFileReference section */

/* Begin PBXFrameworksBuildPhase section */
		2DBC9AE72B9F140100259576 /* Frameworks */ = {
			isa = PBXFrameworksBuildPhase;
			buildActionMask = 2147483647;
			files = (
			);
			runOnlyForDeploymentPostprocessing = 0;
		};
		2DBC9AFD2B9F140200259576 /* Frameworks */ = {
			isa = PBXFrameworksBuildPhase;
			buildActionMask = 2147483647;
			files = (
			);
			runOnlyForDeploymentPostprocessing = 0;
		};
		2DBC9B072B9F140200259576 /* Frameworks */ = {
			isa = PBXFrameworksBuildPhase;
			buildActionMask = 2147483647;
			files = (
			);
			runOnlyForDeploymentPostprocessing = 0;
		};
/* End PBXFrameworksBuildPhase section */

/* Begin PBXGroup section */
		2DBC9AE12B9F140100259576 = {
			isa = PBXGroup;
			children = (
				2DBC9AEC2B9F140100259576 /* PDFEditor */,
				2DBC9B032B9F140200259576 /* PDFEditorTests */,
				2DBC9B0D2B9F140200259576 /* PDFEditorUITests */,
				2DBC9AEB2B9F140100259576 /* Products */,
			);
			sourceTree = "<group>";
		};
		2DBC9AEB2B9F140100259576 /* Products */ = {
			isa = PBXGroup;
			children = (
				2DBC9AEA2B9F140100259576 /* PDFEditor.app */,
				2DBC9B002B9F140200259576 /* PDFEditorTests.xctest */,
				2DBC9B0A2B9F140200259576 /* PDFEditorUITests.xctest */,
			);
			name = Products;
			sourceTree = "<group>";
		};
		2DBC9AEC2B9F140100259576 /* PDFEditor */ = {
			isa = PBXGroup;
			children = (
				2DBC9AED2B9F140100259576 /* AppDelegate.swift */,
				2DBC9AEF2B9F140100259576 /* SceneDelegate.swift */,
				2DBC9B1D2B9F16FB00259576 /* QPdfController.swift */,
				2D9ED9122BA08850001D3DA5 /* DrawSignatureView.swift */,
				2DBC9B212B9F1A0F00259576 /* sample.pdf */,
				2DBC9B1E2B9F16FB00259576 /* QPdfController.xib */,
				2DBC9AF62B9F140200259576 /* Assets.xcassets */,
				2DBC9AF82B9F140200259576 /* LaunchScreen.storyboard */,
				2DBC9AFB2B9F140200259576 /* Info.plist */,
			);
			path = PDFEditor;
			sourceTree = "<group>";
		};
		2DBC9B032B9F140200259576 /* PDFEditorTests */ = {
			isa = PBXGroup;
			children = (
				2DBC9B042B9F140200259576 /* PDFEditorTests.swift */,
			);
			path = PDFEditorTests;
			sourceTree = "<group>";
		};
		2DBC9B0D2B9F140200259576 /* PDFEditorUITests */ = {
			isa = PBXGroup;
			children = (
				2DBC9B0E2B9F140200259576 /* PDFEditorUITests.swift */,
				2DBC9B102B9F140200259576 /* PDFEditorUITestsLaunchTests.swift */,
			);
			path = PDFEditorUITests;
			sourceTree = "<group>";
		};
/* End PBXGroup section */

/* Begin PBXNativeTarget section */
		2DBC9AE92B9F140100259576 /* PDFEditor */ = {
			isa = PBXNativeTarget;
			buildConfigurationList = 2DBC9B142B9F140200259576 /* Build configuration list for PBXNativeTarget "PDFEditor" */;
			buildPhases = (
				2DBC9AE62B9F140100259576 /* Sources */,
				2DBC9AE72B9F140100259576 /* Frameworks */,
				2DBC9AE82B9F140100259576 /* Resources */,
			);
			buildRules = (
			);
			dependencies = (
			);
			name = PDFEditor;
			productName = PDFEditor;
			productReference = 2DBC9AEA2B9F140100259576 /* PDFEditor.app */;
			productType = "com.apple.product-type.application";
		};
		2DBC9AFF2B9F140200259576 /* PDFEditorTests */ = {
			isa = PBXNativeTarget;
			buildConfigurationList = 2DBC9B172B9F140200259576 /* Build configuration list for PBXNativeTarget "PDFEditorTests" */;
			buildPhases = (
				2DBC9AFC2B9F140200259576 /* Sources */,
				2DBC9AFD2B9F140200259576 /* Frameworks */,
				2DBC9AFE2B9F140200259576 /* Resources */,
			);
			buildRules = (
			);
			dependencies = (
				2DBC9B022B9F140200259576 /* PBXTargetDependency */,
			);
			name = PDFEditorTests;
			productName = PDFEditorTests;
			productReference = 2DBC9B002B9F140200259576 /* PDFEditorTests.xctest */;
			productType = "com.apple.product-type.bundle.unit-test";
		};
		2DBC9B092B9F140200259576 /* PDFEditorUITests */ = {
			isa = PBXNativeTarget;
			buildConfigurationList = 2DBC9B1A2B9F140200259576 /* Build configuration list for PBXNativeTarget "PDFEditorUITests" */;
			buildPhases = (
				2DBC9B062B9F140200259576 /* Sources */,
				2DBC9B072B9F140200259576 /* Frameworks */,
				2DBC9B082B9F140200259576 /* Resources */,
			);
			buildRules = (
			);
			dependencies = (
				2DBC9B0C2B9F140200259576 /* PBXTargetDependency */,
			);
			name = PDFEditorUITests;
			productName = PDFEditorUITests;
			productReference = 2DBC9B0A2B9F140200259576 /* PDFEditorUITests.xctest */;
			productType = "com.apple.product-type.bundle.ui-testing";
		};
/* End PBXNativeTarget section */

/* Begin PBXProject section */
		2DBC9AE22B9F140100259576 /* Project object */ = {
			isa = PBXProject;
			attributes = {
				BuildIndependentTargetsInParallel = 1;
				LastSwiftUpdateCheck = 1520;
				LastUpgradeCheck = 1520;
				TargetAttributes = {
					2DBC9AE92B9F140100259576 = {
						CreatedOnToolsVersion = 15.2;
					};
					2DBC9AFF2B9F140200259576 = {
						CreatedOnToolsVersion = 15.2;
						TestTargetID = 2DBC9AE92B9F140100259576;
					};
					2DBC9B092B9F140200259576 = {
						CreatedOnToolsVersion = 15.2;
						TestTargetID = 2DBC9AE92B9F140100259576;
					};
				};
			};
			buildConfigurationList = 2DBC9AE52B9F140100259576 /* Build configuration list for PBXProject "PDFEditor" */;
			compatibilityVersion = "Xcode 14.0";
			developmentRegion = en;
			hasScannedForEncodings = 0;
			knownRegions = (
				en,
				Base,
			);
			mainGroup = 2DBC9AE12B9F140100259576;
			productRefGroup = 2DBC9AEB2B9F140100259576 /* Products */;
			projectDirPath = "";
			projectRoot = "";
			targets = (
				2DBC9AE92B9F140100259576 /* PDFEditor */,
				2DBC9AFF2B9F140200259576 /* PDFEditorTests */,
				2DBC9B092B9F140200259576 /* PDFEditorUITests */,
			);
		};
/* End PBXProject section */

/* Begin PBXResourcesBuildPhase section */
		2DBC9AE82B9F140100259576 /* Resources */ = {
			isa = PBXResourcesBuildPhase;
			buildActionMask = 2147483647;
			files = (
				2DBC9B222B9F1A0F00259576 /* sample.pdf in Resources */,
				2DBC9AFA2B9F140200259576 /* LaunchScreen.storyboard in Resources */,
				2DBC9AF72B9F140200259576 /* Assets.xcassets in Resources */,
				2DBC9B202B9F16FB00259576 /* QPdfController.xib in Resources */,
			);
			runOnlyForDeploymentPostprocessing = 0;
		};
		2DBC9AFE2B9F140200259576 /* Resources */ = {
			isa = PBXResourcesBuildPhase;
			buildActionMask = 2147483647;
			files = (
			);
			runOnlyForDeploymentPostprocessing = 0;
		};
		2DBC9B082B9F140200259576 /* Resources */ = {
			isa = PBXResourcesBuildPhase;
			buildActionMask = 2147483647;
			files = (
			);
			runOnlyForDeploymentPostprocessing = 0;
		};
/* End PBXResourcesBuildPhase section */

/* Begin PBXSourcesBuildPhase section */
		2DBC9AE62B9F140100259576 /* Sources */ = {
			isa = PBXSourcesBuildPhase;
			buildActionMask = 2147483647;
			files = (
				2DBC9AEE2B9F140100259576 /* AppDelegate.swift in Sources */,
				2D9ED9132BA08850001D3DA5 /* DrawSignatureView.swift in Sources */,
				2DBC9B1F2B9F16FB00259576 /* QPdfController.swift in Sources */,
				2DBC9AF02B9F140100259576 /* SceneDelegate.swift in Sources */,
			);
			runOnlyForDeploymentPostprocessing = 0;
		};
		2DBC9AFC2B9F140200259576 /* Sources */ = {
			isa = PBXSourcesBuildPhase;
			buildActionMask = 2147483647;
			files = (
				2DBC9B052B9F140200259576 /* PDFEditorTests.swift in Sources */,
			);
			runOnlyForDeploymentPostprocessing = 0;
		};
		2DBC9B062B9F140200259576 /* Sources */ = {
			isa = PBXSourcesBuildPhase;
			buildActionMask = 2147483647;
			files = (
				2DBC9B112B9F140200259576 /* PDFEditorUITestsLaunchTests.swift in Sources */,
				2DBC9B0F2B9F140200259576 /* PDFEditorUITests.swift in Sources */,
			);
			runOnlyForDeploymentPostprocessing = 0;
		};
/* End PBXSourcesBuildPhase section */

/* Begin PBXTargetDependency section */
		2DBC9B022B9F140200259576 /* PBXTargetDependency */ = {
			isa = PBXTargetDependency;
			target = 2DBC9AE92B9F140100259576 /* PDFEditor */;
			targetProxy = 2DBC9B012B9F140200259576 /* PBXContainerItemProxy */;
		};
		2DBC9B0C2B9F140200259576 /* PBXTargetDependency */ = {
			isa = PBXTargetDependency;
			target = 2DBC9AE92B9F140100259576 /* PDFEditor */;
			targetProxy = 2DBC9B0B2B9F140200259576 /* PBXContainerItemProxy */;
		};
/* End PBXTargetDependency section */

/* Begin PBXVariantGroup section */
		2DBC9AF82B9F140200259576 /* LaunchScreen.storyboard */ = {
			isa = PBXVariantGroup;
			children = (
				2DBC9AF92B9F140200259576 /* Base */,
			);
			name = LaunchScreen.storyboard;
			sourceTree = "<group>";
		};
/* End PBXVariantGroup section */

/* Begin XCBuildConfiguration section */
		2DBC9B122B9F140200259576 /* Debug */ = {
			isa = XCBuildConfiguration;
			buildSettings = {
				ALWAYS_SEARCH_USER_PATHS = NO;
				ASSETCATALOG_COMPILER_GENERATE_SWIFT_ASSET_SYMBOL_EXTENSIONS = YES;
				CLANG_ANALYZER_NONNULL = YES;
				CLANG_ANALYZER_NUMBER_OBJECT_CONVERSION = YES_AGGRESSIVE;
				CLANG_CXX_LANGUAGE_STANDARD = "gnu++20";
				CLANG_ENABLE_MODULES = YES;
				CLANG_ENABLE_OBJC_ARC = YES;
				CLANG_ENABLE_OBJC_WEAK = YES;
				CLANG_WARN_BLOCK_CAPTURE_AUTORELEASING = YES;
				CLANG_WARN_BOOL_CONVERSION = YES;
				CLANG_WARN_COMMA = YES;
				CLANG_WARN_CONSTANT_CONVERSION = YES;
				CLANG_WARN_DEPRECATED_OBJC_IMPLEMENTATIONS = YES;
				CLANG_WARN_DIRECT_OBJC_ISA_USAGE = YES_ERROR;
				CLANG_WARN_DOCUMENTATION_COMMENTS = YES;
				CLANG_WARN_EMPTY_BODY = YES;
				CLANG_WARN_ENUM_CONVERSION = YES;
				CLANG_WARN_INFINITE_RECURSION = YES;
				CLANG_WARN_INT_CONVERSION = YES;
				CLANG_WARN_NON_LITERAL_NULL_CONVERSION = YES;
				CLANG_WARN_OBJC_IMPLICIT_RETAIN_SELF = YES;
				CLANG_WARN_OBJC_LITERAL_CONVERSION = YES;
				CLANG_WARN_OBJC_ROOT_CLASS = YES_ERROR;
				CLANG_WARN_QUOTED_INCLUDE_IN_FRAMEWORK_HEADER = YES;
				CLANG_WARN_RANGE_LOOP_ANALYSIS = YES;
				CLANG_WARN_STRICT_PROTOTYPES = YES;
				CLANG_WARN_SUSPICIOUS_MOVE = YES;
				CLANG_WARN_UNGUARDED_AVAILABILITY = YES_AGGRESSIVE;
				CLANG_WARN_UNREACHABLE_CODE = YES;
				CLANG_WARN__DUPLICATE_METHOD_MATCH = YES;
				COPY_PHASE_STRIP = NO;
				DEBUG_INFORMATION_FORMAT = dwarf;
				ENABLE_STRICT_OBJC_MSGSEND = YES;
				ENABLE_TESTABILITY = YES;
				ENABLE_USER_SCRIPT_SANDBOXING = YES;
				GCC_C_LANGUAGE_STANDARD = gnu17;
				GCC_DYNAMIC_NO_PIC = NO;
				GCC_NO_COMMON_BLOCKS = YES;
				GCC_OPTIMIZATION_LEVEL = 0;
				GCC_PREPROCESSOR_DEFINITIONS = (
					"DEBUG=1",
					"$(inherited)",
				);
				GCC_WARN_64_TO_32_BIT_CONVERSION = YES;
				GCC_WARN_ABOUT_RETURN_TYPE = YES_ERROR;
				GCC_WARN_UNDECLARED_SELECTOR = YES;
				GCC_WARN_UNINITIALIZED_AUTOS = YES_AGGRESSIVE;
				GCC_WARN_UNUSED_FUNCTION = YES;
				GCC_WARN_UNUSED_VARIABLE = YES;
				IPHONEOS_DEPLOYMENT_TARGET = 17.2;
				LOCALIZATION_PREFERS_STRING_CATALOGS = YES;
				MTL_ENABLE_DEBUG_INFO = INCLUDE_SOURCE;
				MTL_FAST_MATH = YES;
				ONLY_ACTIVE_ARCH = YES;
				SDKROOT = iphoneos;
				SWIFT_ACTIVE_COMPILATION_CONDITIONS = "DEBUG $(inherited)";
				SWIFT_OPTIMIZATION_LEVEL = "-Onone";
			};
			name = Debug;
		};
		2DBC9B132B9F140200259576 /* Release */ = {
			isa = XCBuildConfiguration;
			buildSettings = {
				ALWAYS_SEARCH_USER_PATHS = NO;
				ASSETCATALOG_COMPILER_GENERATE_SWIFT_ASSET_SYMBOL_EXTENSIONS = YES;
				CLANG_ANALYZER_NONNULL = YES;
				CLANG_ANALYZER_NUMBER_OBJECT_CONVERSION = YES_AGGRESSIVE;
				CLANG_CXX_LANGUAGE_STANDARD = "gnu++20";
				CLANG_ENABLE_MODULES = YES;
				CLANG_ENABLE_OBJC_ARC = YES;
				CLANG_ENABLE_OBJC_WEAK = YES;
				CLANG_WARN_BLOCK_CAPTURE_AUTORELEASING = YES;
				CLANG_WARN_BOOL_CONVERSION = YES;
				CLANG_WARN_COMMA = YES;
				CLANG_WARN_CONSTANT_CONVERSION = YES;
				CLANG_WARN_DEPRECATED_OBJC_IMPLEMENTATIONS = YES;
				CLANG_WARN_DIRECT_OBJC_ISA_USAGE = YES_ERROR;
				CLANG_WARN_DOCUMENTATION_COMMENTS = YES;
				CLANG_WARN_EMPTY_BODY = YES;
				CLANG_WARN_ENUM_CONVERSION = YES;
				CLANG_WARN_INFINITE_RECURSION = YES;
				CLANG_WARN_INT_CONVERSION = YES;
				CLANG_WARN_NON_LITERAL_NULL_CONVERSION = YES;
				CLANG_WARN_OBJC_IMPLICIT_RETAIN_SELF = YES;
				CLANG_WARN_OBJC_LITERAL_CONVERSION = YES;
				CLANG_WARN_OBJC_ROOT_CLASS = YES_ERROR;
				CLANG_WARN_QUOTED_INCLUDE_IN_FRAMEWORK_HEADER = YES;
				CLANG_WARN_RANGE_LOOP_ANALYSIS = YES;
				CLANG_WARN_STRICT_PROTOTYPES = YES;
				CLANG_WARN_SUSPICIOUS_MOVE = YES;
				CLANG_WARN_UNGUARDED_AVAILABILITY = YES_AGGRESSIVE;
				CLANG_WARN_UNREACHABLE_CODE = YES;
				CLANG_WARN__DUPLICATE_METHOD_MATCH = YES;
				COPY_PHASE_STRIP = NO;
				DEBUG_INFORMATION_FORMAT = "dwarf-with-dsym";
				ENABLE_NS_ASSERTIONS = NO;
				ENABLE_STRICT_OBJC_MSGSEND = YES;
				ENABLE_USER_SCRIPT_SANDBOXING = YES;
				GCC_C_LANGUAGE_STANDARD = gnu17;
				GCC_NO_COMMON_BLOCKS = YES;
				GCC_WARN_64_TO_32_BIT_CONVERSION = YES;
				GCC_WARN_ABOUT_RETURN_TYPE = YES_ERROR;
				GCC_WARN_UNDECLARED_SELECTOR = YES;
				GCC_WARN_UNINITIALIZED_AUTOS = YES_AGGRESSIVE;
				GCC_WARN_UNUSED_FUNCTION = YES;
				GCC_WARN_UNUSED_VARIABLE = YES;
				IPHONEOS_DEPLOYMENT_TARGET = 17.2;
				LOCALIZATION_PREFERS_STRING_CATALOGS = YES;
				MTL_ENABLE_DEBUG_INFO = NO;
				MTL_FAST_MATH = YES;
				SDKROOT = iphoneos;
				SWIFT_COMPILATION_MODE = wholemodule;
				VALIDATE_PRODUCT = YES;
			};
			name = Release;
		};
		2DBC9B152B9F140200259576 /* Debug */ = {
			isa = XCBuildConfiguration;
			buildSettings = {
				ASSETCATALOG_COMPILER_APPICON_NAME = AppIcon;
				ASSETCATALOG_COMPILER_GLOBAL_ACCENT_COLOR_NAME = AccentColor;
				CODE_SIGN_STYLE = Automatic;
				CURRENT_PROJECT_VERSION = 1;
				GENERATE_INFOPLIST_FILE = YES;
				INFOPLIST_FILE = PDFEditor/Info.plist;
				INFOPLIST_KEY_UIApplicationSupportsIndirectInputEvents = YES;
				INFOPLIST_KEY_UILaunchStoryboardName = LaunchScreen;
				INFOPLIST_KEY_UIMainStoryboardFile = "";
				INFOPLIST_KEY_UISupportedInterfaceOrientations_iPad = "UIInterfaceOrientationPortrait UIInterfaceOrientationPortraitUpsideDown UIInterfaceOrientationLandscapeLeft UIInterfaceOrientationLandscapeRight";
				INFOPLIST_KEY_UISupportedInterfaceOrientations_iPhone = "UIInterfaceOrientationPortrait UIInterfaceOrientationLandscapeLeft UIInterfaceOrientationLandscapeRight";
				LD_RUNPATH_SEARCH_PATHS = (
					"$(inherited)",
					"@executable_path/Frameworks",
				);
				MARKETING_VERSION = 1.0;
				PRODUCT_BUNDLE_IDENTIFIER = PDFEditor.App.PDFEditor;
				PRODUCT_NAME = "$(TARGET_NAME)";
				SWIFT_EMIT_LOC_STRINGS = YES;
				SWIFT_VERSION = 5.0;
				TARGETED_DEVICE_FAMILY = "1,2";
			};
			name = Debug;
		};
		2DBC9B162B9F140200259576 /* Release */ = {
			isa = XCBuildConfiguration;
			buildSettings = {
				ASSETCATALOG_COMPILER_APPICON_NAME = AppIcon;
				ASSETCATALOG_COMPILER_GLOBAL_ACCENT_COLOR_NAME = AccentColor;
				CODE_SIGN_STYLE = Automatic;
				CURRENT_PROJECT_VERSION = 1;
				GENERATE_INFOPLIST_FILE = YES;
				INFOPLIST_FILE = PDFEditor/Info.plist;
				INFOPLIST_KEY_UIApplicationSupportsIndirectInputEvents = YES;
				INFOPLIST_KEY_UILaunchStoryboardName = LaunchScreen;
				INFOPLIST_KEY_UIMainStoryboardFile = "";
				INFOPLIST_KEY_UISupportedInterfaceOrientations_iPad = "UIInterfaceOrientationPortrait UIInterfaceOrientationPortraitUpsideDown UIInterfaceOrientationLandscapeLeft UIInterfaceOrientationLandscapeRight";
				INFOPLIST_KEY_UISupportedInterfaceOrientations_iPhone = "UIInterfaceOrientationPortrait UIInterfaceOrientationLandscapeLeft UIInterfaceOrientationLandscapeRight";
				LD_RUNPATH_SEARCH_PATHS = (
					"$(inherited)",
					"@executable_path/Frameworks",
				);
				MARKETING_VERSION = 1.0;
				PRODUCT_BUNDLE_IDENTIFIER = PDFEditor.App.PDFEditor;
				PRODUCT_NAME = "$(TARGET_NAME)";
				SWIFT_EMIT_LOC_STRINGS = YES;
				SWIFT_VERSION = 5.0;
				TARGETED_DEVICE_FAMILY = "1,2";
			};
			name = Release;
		};
		2DBC9B182B9F140200259576 /* Debug */ = {
			isa = XCBuildConfiguration;
			buildSettings = {
				ALWAYS_EMBED_SWIFT_STANDARD_LIBRARIES = YES;
				BUNDLE_LOADER = "$(TEST_HOST)";
				CODE_SIGN_STYLE = Automatic;
				CURRENT_PROJECT_VERSION = 1;
				GENERATE_INFOPLIST_FILE = YES;
				IPHONEOS_DEPLOYMENT_TARGET = 17.2;
				MARKETING_VERSION = 1.0;
				PRODUCT_BUNDLE_IDENTIFIER = PDFEditor.App.PDFEditorTests;
				PRODUCT_NAME = "$(TARGET_NAME)";
				SWIFT_EMIT_LOC_STRINGS = NO;
				SWIFT_VERSION = 5.0;
				TARGETED_DEVICE_FAMILY = "1,2";
				TEST_HOST = "$(BUILT_PRODUCTS_DIR)/PDFEditor.app/$(BUNDLE_EXECUTABLE_FOLDER_PATH)/PDFEditor";
			};
			name = Debug;
		};
		2DBC9B192B9F140200259576 /* Release */ = {
			isa = XCBuildConfiguration;
			buildSettings = {
				ALWAYS_EMBED_SWIFT_STANDARD_LIBRARIES = YES;
				BUNDLE_LOADER = "$(TEST_HOST)";
				CODE_SIGN_STYLE = Automatic;
				CURRENT_PROJECT_VERSION = 1;
				GENERATE_INFOPLIST_FILE = YES;
				IPHONEOS_DEPLOYMENT_TARGET = 17.2;
				MARKETING_VERSION = 1.0;
				PRODUCT_BUNDLE_IDENTIFIER = PDFEditor.App.PDFEditorTests;
				PRODUCT_NAME = "$(TARGET_NAME)";
				SWIFT_EMIT_LOC_STRINGS = NO;
				SWIFT_VERSION = 5.0;
				TARGETED_DEVICE_FAMILY = "1,2";
				TEST_HOST = "$(BUILT_PRODUCTS_DIR)/PDFEditor.app/$(BUNDLE_EXECUTABLE_FOLDER_PATH)/PDFEditor";
			};
			name = Release;
		};
		2DBC9B1B2B9F140200259576 /* Debug */ = {
			isa = XCBuildConfiguration;
			buildSettings = {
				ALWAYS_EMBED_SWIFT_STANDARD_LIBRARIES = YES;
				CODE_SIGN_STYLE = Automatic;
				CURRENT_PROJECT_VERSION = 1;
				GENERATE_INFOPLIST_FILE = YES;
				MARKETING_VERSION = 1.0;
				PRODUCT_BUNDLE_IDENTIFIER = PDFEditor.App.PDFEditorUITests;
				PRODUCT_NAME = "$(TARGET_NAME)";
				SWIFT_EMIT_LOC_STRINGS = NO;
				SWIFT_VERSION = 5.0;
				TARGETED_DEVICE_FAMILY = "1,2";
				TEST_TARGET_NAME = PDFEditor;
			};
			name = Debug;
		};
		2DBC9B1C2B9F140200259576 /* Release */ = {
			isa = XCBuildConfiguration;
			buildSettings = {
				ALWAYS_EMBED_SWIFT_STANDARD_LIBRARIES = YES;
				CODE_SIGN_STYLE = Automatic;
				CURRENT_PROJECT_VERSION = 1;
				GENERATE_INFOPLIST_FILE = YES;
				MARKETING_VERSION = 1.0;
				PRODUCT_BUNDLE_IDENTIFIER = PDFEditor.App.PDFEditorUITests;
				PRODUCT_NAME = "$(TARGET_NAME)";
				SWIFT_EMIT_LOC_STRINGS = NO;
				SWIFT_VERSION = 5.0;
				TARGETED_DEVICE_FAMILY = "1,2";
				TEST_TARGET_NAME = PDFEditor;
			};
			name = Release;
		};
/* End XCBuildConfiguration section */

/* Begin XCConfigurationList section */
		2DBC9AE52B9F140100259576 /* Build configuration list for PBXProject "PDFEditor" */ = {
			isa = XCConfigurationList;
			buildConfigurations = (
				2DBC9B122B9F140200259576 /* Debug */,
				2DBC9B132B9F140200259576 /* Release */,
			);
			defaultConfigurationIsVisible = 0;
			defaultConfigurationName = Release;
		};
		2DBC9B142B9F140200259576 /* Build configuration list for PBXNativeTarget "PDFEditor" */ = {
			isa = XCConfigurationList;
			buildConfigurations = (
				2DBC9B152B9F140200259576 /* Debug */,
				2DBC9B162B9F140200259576 /* Release */,
			);
			defaultConfigurationIsVisible = 0;
			defaultConfigurationName = Release;
		};
		2DBC9B172B9F140200259576 /* Build configuration list for PBXNativeTarget "PDFEditorTests" */ = {
			isa = XCConfigurationList;
			buildConfigurations = (
				2DBC9B182B9F140200259576 /* Debug */,
				2DBC9B192B9F140200259576 /* Release */,
			);
			defaultConfigurationIsVisible = 0;
			defaultConfigurationName = Release;
		};
		2DBC9B1A2B9F140200259576 /* Build configuration list for PBXNativeTarget "PDFEditorUITests" */ = {
			isa = XCConfigurationList;
			buildConfigurations = (
				2DBC9B1B2B9F140200259576 /* Debug */,
				2DBC9B1C2B9F140200259576 /* Release */,
			);
			defaultConfigurationIsVisible = 0;
			defaultConfigurationName = Release;
		};
/* End XCConfigurationList section */
	};
	rootObject = 2DBC9AE22B9F140100259576 /* Project object */;
}
